
Microsoft Visual Studio Solution File, Format Version 12.00
# Visual Studio Version 16
VisualStudioVersion = 16.0.30621.155
MinimumVisualStudioVersion = 10.0.40219.1
Project("{FAE04EC0-301F-11D3-BF4B-00C04F79EFBC}") = "azgitapp", "azgitapp.csproj", "{E24DA3B6-834A-422E-88EB-D13BCFA00577}"
EndProject
Global
	GlobalSection(SolutionConfigurationPlatforms) = preSolution
		Debug|Any CPU = Debug|Any CPU
		Release|Any CPU = Release|Any CPU
	EndGlobalSection
	GlobalSection(ProjectConfigurationPlatforms) = postSolution
		{E24DA3B6-834A-422E-88EB-D13BCFA00577}.Debug|Any CPU.ActiveCfg = Debug|Any CPU
		{E24DA3B6-834A-422E-88EB-D13BCFA00577}.Debug|Any CPU.Build.0 = Debug|Any CPU
		{E24DA3B6-834A-422E-88EB-D13BCFA00577}.Release|Any CPU.ActiveCfg = Release|Any CPU
		{E24DA3B6-834A-422E-88EB-D13BCFA00577}.Release|Any CPU.Build.0 = Release|Any CPU
	EndGlobalSection
	GlobalSection(SolutionProperties) = preSolution
		HideSolutionNode = FALSE
	EndGlobalSection
	GlobalSection(ExtensibilityGlobals) = postSolution
		SolutionGuid = {F9D336D8-02D1-4D81-BDD9-186C334B8950}
	EndGlobalSection
EndGlobal
